
Microsoft Visual Studio Solution File, Format Version 12.00
# Visual Studio 15
VisualStudioVersion = 15.0.28307.1259
MinimumVisualStudioVersion = 10.0.40219.1
Project("{FAE04EC0-301F-11D3-BF4B-00C04F79EFBC}") = "TangoApp", "TangoApp\TangoApp.csproj", "{C11457CA-4F1A-45AB-9C7E-C2C15E8FF092}"
EndProject
Global
	GlobalSection(SolutionConfigurationPlatforms) = preSolution
		Debug|Any CPU = Debug|Any CPU
		Release|Any CPU = Release|Any CPU
	EndGlobalSection
	GlobalSection(ProjectConfigurationPlatforms) = postSolution
		{C11457CA-4F1A-45AB-9C7E-C2C15E8FF092}.Debug|Any CPU.ActiveCfg = Debug|Any CPU
		{C11457CA-4F1A-45AB-9C7E-C2C15E8FF092}.Debug|Any CPU.Build.0 = Debug|Any CPU
		{C11457CA-4F1A-45AB-9C7E-C2C15E8FF092}.Release|Any CPU.ActiveCfg = Release|Any CPU
		{C11457CA-4F1A-45AB-9C7E-C2C15E8FF092}.Release|Any CPU.Build.0 = Release|Any CPU
	EndGlobalSection
	GlobalSection(SolutionProperties) = preSolution
		HideSolutionNode = FALSE
	EndGlobalSection
	GlobalSection(ExtensibilityGlobals) = postSolution
		SolutionGuid = {50684621-F4EE-42C2-AAA5-9D2E5714236D}
	EndGlobalSection
EndGlobal
